{
  "dependencies": {
    "sportsdata-mongo": {
      "version": "0.1.11",
      "dependencies": {
        "request": {
          "version": "2.65.0",
          "dependencies": {
            "bl": {
              "version": "https://npm.interactive-apps.apple.com/bl/-/bl-1.0.0.tgz",
              "dependencies": {
                "readable-stream": {
                  "version": "https://npm.interactive-apps.apple.com/readable-stream/-/readable-stream-2.0.3.tgz",
                  "dependencies": {
                    "core-util-is": {
                      "version": "https://npm.interactive-apps.apple.com/core-util-is/-/core-util-is-1.0.1.tgz"
                    },
                    "inherits": {
                      "version": "https://npm.interactive-apps.apple.com/inherits/-/inherits-2.0.1.tgz"
                    },
                    "isarray": {
                      "version": "https://npm.interactive-apps.apple.com/isarray/-/isarray-0.0.1.tgz"
                    },
                    "process-nextick-args": {
                      "version": "https://npm.interactive-apps.apple.com/process-nextick-args/-/process-nextick-args-1.0.3.tgz"
                    },
                    "string_decoder": {
                      "version": "https://npm.interactive-apps.apple.com/string_decoder/-/string_decoder-0.10.31.tgz"
                    },
                    "util-deprecate": {
                      "version": "https://npm.interactive-apps.apple.com/util-deprecate/-/util-deprecate-1.0.2.tgz"
                    }
                  }
                }
              }
            },
            "caseless": {
              "version": "https://npm.interactive-apps.apple.com/caseless/-/caseless-0.11.0.tgz"
            },
            "extend": {
              "version": "https://npm.interactive-apps.apple.com/extend/-/extend-3.0.0.tgz"
            },
            "forever-agent": {
              "version": "https://npm.interactive-apps.apple.com/forever-agent/-/forever-agent-0.6.1.tgz"
            },
            "form-data": {
              "version": "https://npm.interactive-apps.apple.com/form-data/-/form-data-1.0.0-rc3.tgz",
              "dependencies": {
                "async": {
                  "version": "1.5.0"
                }
              }
            },
            "json-stringify-safe": {
              "version": "https://npm.interactive-apps.apple.com/json-stringify-safe/-/json-stringify-safe-5.0.1.tgz"
            },
            "mime-types": {
              "version": "https://npm.interactive-apps.apple.com/mime-types/-/mime-types-2.1.7.tgz",
              "dependencies": {
                "mime-db": {
                  "version": "https://npm.interactive-apps.apple.com/mime-db/-/mime-db-1.19.0.tgz"
                }
              }
            },
            "node-uuid": {
              "version": "https://npm.interactive-apps.apple.com/node-uuid/-/node-uuid-1.4.3.tgz"
            },
            "qs": {
              "version": "5.2.0"
            },
            "tunnel-agent": {
              "version": "https://npm.interactive-apps.apple.com/tunnel-agent/-/tunnel-agent-0.4.1.tgz"
            },
            "tough-cookie": {
              "version": "https://npm.interactive-apps.apple.com/tough-cookie/-/tough-cookie-2.2.0.tgz"
            },
            "http-signature": {
              "version": "https://npm.interactive-apps.apple.com/http-signature/-/http-signature-0.11.0.tgz",
              "dependencies": {
                "assert-plus": {
                  "version": "https://npm.interactive-apps.apple.com/assert-plus/-/assert-plus-0.1.5.tgz"
                },
                "asn1": {
                  "version": "0.1.11"
                },
                "ctype": {
                  "version": "0.5.3"
                }
              }
            },
            "oauth-sign": {
              "version": "https://npm.interactive-apps.apple.com/oauth-sign/-/oauth-sign-0.8.0.tgz"
            },
            "hawk": {
              "version": "https://npm.interactive-apps.apple.com/hawk/-/hawk-3.1.0.tgz",
              "dependencies": {
                "hoek": {
                  "version": "https://npm.interactive-apps.apple.com/hoek/-/hoek-2.16.3.tgz"
                },
                "boom": {
                  "version": "2.10.0"
                },
                "cryptiles": {
                  "version": "https://npm.interactive-apps.apple.com/cryptiles/-/cryptiles-2.0.5.tgz"
                },
                "sntp": {
                  "version": "https://npm.interactive-apps.apple.com/sntp/-/sntp-1.0.9.tgz"
                }
              }
            },
            "aws-sign2": {
              "version": "0.6.0"
            },
            "stringstream": {
              "version": "0.0.5"
            },
            "combined-stream": {
              "version": "https://npm.interactive-apps.apple.com/combined-stream/-/combined-stream-1.0.5.tgz",
              "dependencies": {
                "delayed-stream": {
                  "version": "https://npm.interactive-apps.apple.com/delayed-stream/-/delayed-stream-1.0.0.tgz"
                }
              }
            },
            "isstream": {
              "version": "https://npm.interactive-apps.apple.com/isstream/-/isstream-0.1.2.tgz"
            },
            "har-validator": {
              "version": "2.0.2",
              "dependencies": {
                "chalk": {
                  "version": "https://npm.interactive-apps.apple.com/chalk/-/chalk-1.1.1.tgz",
                  "dependencies": {
                    "ansi-styles": {
                      "version": "https://npm.interactive-apps.apple.com/ansi-styles/-/ansi-styles-2.1.0.tgz"
                    },
                    "escape-string-regexp": {
                      "version": "https://npm.interactive-apps.apple.com/escape-string-regexp/-/escape-string-regexp-1.0.3.tgz"
                    },
                    "has-ansi": {
                      "version": "https://npm.interactive-apps.apple.com/has-ansi/-/has-ansi-2.0.0.tgz",
                      "dependencies": {
                        "ansi-regex": {
                          "version": "https://npm.interactive-apps.apple.com/ansi-regex/-/ansi-regex-2.0.0.tgz"
                        }
                      }
                    },
                    "strip-ansi": {
                      "version": "https://npm.interactive-apps.apple.com/strip-ansi/-/strip-ansi-3.0.0.tgz",
                      "dependencies": {
                        "ansi-regex": {
                          "version": "https://npm.interactive-apps.apple.com/ansi-regex/-/ansi-regex-2.0.0.tgz"
                        }
                      }
                    },
                    "supports-color": {
                      "version": "https://npm.interactive-apps.apple.com/supports-color/-/supports-color-2.0.0.tgz"
                    }
                  }
                },
                "commander": {
                  "version": "2.9.0",
                  "dependencies": {
                    "graceful-readlink": {
                      "version": "https://npm.interactive-apps.apple.com/graceful-readlink/-/graceful-readlink-1.0.1.tgz"
                    }
                  }
                },
                "is-my-json-valid": {
                  "version": "https://npm.interactive-apps.apple.com/is-my-json-valid/-/is-my-json-valid-2.12.2.tgz",
                  "dependencies": {
                    "generate-function": {
                      "version": "https://npm.interactive-apps.apple.com/generate-function/-/generate-function-2.0.0.tgz"
                    },
                    "generate-object-property": {
                      "version": "https://npm.interactive-apps.apple.com/generate-object-property/-/generate-object-property-1.2.0.tgz",
                      "dependencies": {
                        "is-property": {
                          "version": "https://npm.interactive-apps.apple.com/is-property/-/is-property-1.0.2.tgz"
                        }
                      }
                    },
                    "jsonpointer": {
                      "version": "2.0.0"
                    },
                    "xtend": {
                      "version": "https://npm.interactive-apps.apple.com/xtend/-/xtend-4.0.0.tgz"
                    }
                  }
                },
                "pinkie-promise": {
                  "version": "1.0.0",
                  "dependencies": {
                    "pinkie": {
                      "version": "1.0.0"
                    }
                  }
                }
              }
            }
          }
        },
        "xml2js": {
          "version": "0.4.13",
          "dependencies": {
            "sax": {
              "version": "https://npm.interactive-apps.apple.com/sax/-/sax-1.1.4.tgz"
            },
            "xmlbuilder": {
              "version": "3.1.0",
              "dependencies": {
                "lodash": {
                  "version": "https://npm.interactive-apps.apple.com/lodash/-/lodash-3.10.1.tgz"
                }
              }
            }
          }
        }
      }
    }
  }
}
